
Microsoft Visual Studio Solution File, Format Version 12.00
# Visual Studio Version 16
VisualStudioVersion = 16.0.30002.166
MinimumVisualStudioVersion = 10.0.40219.1
Project("{FAE04EC0-301F-11D3-BF4B-00C04F79EFBC}") = "GrpcService", "GrpcService\GrpcService.csproj", "{B28AC988-9809-4159-AD60-CFF6F3421677}"
EndProject
Project("{FAE04EC0-301F-11D3-BF4B-00C04F79EFBC}") = "GrpcClient", "GrpcClient\GrpcClient.csproj", "{B96558F2-2FEE-4641-9973-56FA37F04035}"
EndProject
Global
	GlobalSection(SolutionConfigurationPlatforms) = preSolution
		Debug|Any CPU = Debug|Any CPU
		Release|Any CPU = Release|Any CPU
	EndGlobalSection
	GlobalSection(ProjectConfigurationPlatforms) = postSolution
		{B28AC988-9809-4159-AD60-CFF6F3421677}.Debug|Any CPU.ActiveCfg = Debug|Any CPU
		{B28AC988-9809-4159-AD60-CFF6F3421677}.Debug|Any CPU.Build.0 = Debug|Any CPU
		{B28AC988-9809-4159-AD60-CFF6F3421677}.Release|Any CPU.ActiveCfg = Release|Any CPU
		{B28AC988-9809-4159-AD60-CFF6F3421677}.Release|Any CPU.Build.0 = Release|Any CPU
		{B96558F2-2FEE-4641-9973-56FA37F04035}.Debug|Any CPU.ActiveCfg = Debug|Any CPU
		{B96558F2-2FEE-4641-9973-56FA37F04035}.Debug|Any CPU.Build.0 = Debug|Any CPU
		{B96558F2-2FEE-4641-9973-56FA37F04035}.Release|Any CPU.ActiveCfg = Release|Any CPU
		{B96558F2-2FEE-4641-9973-56FA37F04035}.Release|Any CPU.Build.0 = Release|Any CPU
	EndGlobalSection
	GlobalSection(SolutionProperties) = preSolution
		HideSolutionNode = FALSE
	EndGlobalSection
	GlobalSection(ExtensibilityGlobals) = postSolution
		SolutionGuid = {C9C828E0-27B3-47AB-A5FA-D7DE363A83BD}
	EndGlobalSection
EndGlobal
